// !$*UTF8*$!
{
	archiveVersion = 1;
	classes = {
	};
	objectVersion = 55;
	objects = {

/* Begin PBXBuildFile section */
		2427F58727D3DE3000E38935 /* PokedexHeroesApp.swift in Sources */ = {isa = PBXBuildFile; fileRef = 2427F57727D3DE2F00E38935 /* PokedexHeroesApp.swift */; };
		2427F58827D3DE3000E38935 /* PokedexHeroesApp.swift in Sources */ = {isa = PBXBuildFile; fileRef = 2427F57727D3DE2F00E38935 /* PokedexHeroesApp.swift */; };
		2427F58927D3DE3000E38935 /* ContentView.swift in Sources */ = {isa = PBXBuildFile; fileRef = 2427F57827D3DE2F00E38935 /* ContentView.swift */; };
		2427F58A27D3DE3000E38935 /* ContentView.swift in Sources */ = {isa = PBXBuildFile; fileRef = 2427F57827D3DE2F00E38935 /* ContentView.swift */; };
		2427F58B27D3DE3000E38935 /* Assets.xcassets in Resources */ = {isa = PBXBuildFile; fileRef = 2427F57927D3DE3000E38935 /* Assets.xcassets */; };
		2427F58C27D3DE3000E38935 /* Assets.xcassets in Resources */ = {isa = PBXBuildFile; fileRef = 2427F57927D3DE3000E38935 /* Assets.xcassets */; };
		2427F59E27D4B71B00E38935 /* StatusModel.swift in Sources */ = {isa = PBXBuildFile; fileRef = 2427F59D27D4B71B00E38935 /* StatusModel.swift */; };
		2427F59F27D4B71B00E38935 /* StatusModel.swift in Sources */ = {isa = PBXBuildFile; fileRef = 2427F59D27D4B71B00E38935 /* StatusModel.swift */; };
		245018B227DA88F2002AAD5D /* BaseNetwork.swift in Sources */ = {isa = PBXBuildFile; fileRef = 245018B127DA88F2002AAD5D /* BaseNetwork.swift */; };
		2457122927DFC2F1000DEA23 /* HeroesView.swift in Sources */ = {isa = PBXBuildFile; fileRef = 2457122827DFC2F1000DEA23 /* HeroesView.swift */; };
		2457122B27DFC322000DEA23 /* HeroesRowView.swift in Sources */ = {isa = PBXBuildFile; fileRef = 2457122A27DFC322000DEA23 /* HeroesRowView.swift */; };
		2457122D27DFE2D7000DEA23 /* HeroesDetailView.swift in Sources */ = {isa = PBXBuildFile; fileRef = 2457122C27DFE2D7000DEA23 /* HeroesDetailView.swift */; };
		2457122F27E614B8000DEA23 /* PhotoViewModel.swift in Sources */ = {isa = PBXBuildFile; fileRef = 2457122E27E614B8000DEA23 /* PhotoViewModel.swift */; };
		2457123027E614B8000DEA23 /* PhotoViewModel.swift in Sources */ = {isa = PBXBuildFile; fileRef = 2457122E27E614B8000DEA23 /* PhotoViewModel.swift */; };
		2461D00227DE5BE80037C8AB /* HeroModel.swift in Sources */ = {isa = PBXBuildFile; fileRef = 2461D00127DE5BE80037C8AB /* HeroModel.swift */; };
		2461D00327DE5BE80037C8AB /* HeroModel.swift in Sources */ = {isa = PBXBuildFile; fileRef = 2461D00127DE5BE80037C8AB /* HeroModel.swift */; };
		2461D00527DE6B260037C8AB /* HerosViewModel.swift in Sources */ = {isa = PBXBuildFile; fileRef = 2461D00427DE6B260037C8AB /* HerosViewModel.swift */; };
		2461D00627DE6B260037C8AB /* HerosViewModel.swift in Sources */ = {isa = PBXBuildFile; fileRef = 2461D00427DE6B260037C8AB /* HerosViewModel.swift */; };
		24B9E4AB282D88AB00E26B05 /* HeroesDetailRowView.swift in Sources */ = {isa = PBXBuildFile; fileRef = 24B9E4AA282D88AB00E26B05 /* HeroesDetailRowView.swift */; };
/* End PBXBuildFile section */

/* Begin PBXFileReference section */
		2427F57727D3DE2F00E38935 /* PokedexHeroesApp.swift */ = {isa = PBXFileReference; lastKnownFileType = sourcecode.swift; path = PokedexHeroesApp.swift; sourceTree = "<group>"; };
		2427F57827D3DE2F00E38935 /* ContentView.swift */ = {isa = PBXFileReference; lastKnownFileType = sourcecode.swift; path = ContentView.swift; sourceTree = "<group>"; };
		2427F57927D3DE3000E38935 /* Assets.xcassets */ = {isa = PBXFileReference; lastKnownFileType = folder.assetcatalog; path = Assets.xcassets; sourceTree = "<group>"; };
		2427F57E27D3DE3000E38935 /* PokedexHeroes.app */ = {isa = PBXFileReference; explicitFileType = wrapper.application; includeInIndex = 0; path = PokedexHeroes.app; sourceTree = BUILT_PRODUCTS_DIR; };
		2427F58427D3DE3000E38935 /* PokedexHeroes.app */ = {isa = PBXFileReference; explicitFileType = wrapper.application; includeInIndex = 0; path = PokedexHeroes.app; sourceTree = BUILT_PRODUCTS_DIR; };
		2427F58627D3DE3000E38935 /* macOS.entitlements */ = {isa = PBXFileReference; lastKnownFileType = text.plist.entitlements; path = macOS.entitlements; sourceTree = "<group>"; };
		2427F59D27D4B71B00E38935 /* StatusModel.swift */ = {isa = PBXFileReference; lastKnownFileType = sourcecode.swift; path = StatusModel.swift; sourceTree = "<group>"; };
		2427F5A027D4BA4600E38935 /* PokedexHeroes--iOS--Info.plist */ = {isa = PBXFileReference; lastKnownFileType = text.plist; path = "PokedexHeroes--iOS--Info.plist"; sourceTree = "<group>"; };
		245018B127DA88F2002AAD5D /* BaseNetwork.swift */ = {isa = PBXFileReference; lastKnownFileType = sourcecode.swift; path = BaseNetwork.swift; sourceTree = "<group>"; };
		2457122827DFC2F1000DEA23 /* HeroesView.swift */ = {isa = PBXFileReference; lastKnownFileType = sourcecode.swift; path = HeroesView.swift; sourceTree = "<group>"; };
		2457122A27DFC322000DEA23 /* HeroesRowView.swift */ = {isa = PBXFileReference; lastKnownFileType = sourcecode.swift; path = HeroesRowView.swift; sourceTree = "<group>"; };
		2457122C27DFE2D7000DEA23 /* HeroesDetailView.swift */ = {isa = PBXFileReference; lastKnownFileType = sourcecode.swift; path = HeroesDetailView.swift; sourceTree = "<group>"; };
		2457122E27E614B8000DEA23 /* PhotoViewModel.swift */ = {isa = PBXFileReference; lastKnownFileType = sourcecode.swift; path = PhotoViewModel.swift; sourceTree = "<group>"; };
		2461D00127DE5BE80037C8AB /* HeroModel.swift */ = {isa = PBXFileReference; lastKnownFileType = sourcecode.swift; path = HeroModel.swift; sourceTree = "<group>"; };
		2461D00427DE6B260037C8AB /* HerosViewModel.swift */ = {isa = PBXFileReference; lastKnownFileType = sourcecode.swift; path = HerosViewModel.swift; sourceTree = "<group>"; };
		24B9E4AA282D88AB00E26B05 /* HeroesDetailRowView.swift */ = {isa = PBXFileReference; lastKnownFileType = sourcecode.swift; path = HeroesDetailRowView.swift; sourceTree = "<group>"; };
/* End PBXFileReference section */

/* Begin PBXFrameworksBuildPhase section */
		2427F57B27D3DE3000E38935 /* Frameworks */ = {
			isa = PBXFrameworksBuildPhase;
			buildActionMask = 2147483647;
			files = (
			);
			runOnlyForDeploymentPostprocessing = 0;
		};
		2427F58127D3DE3000E38935 /* Frameworks */ = {
			isa = PBXFrameworksBuildPhase;
			buildActionMask = 2147483647;
			files = (
			);
			runOnlyForDeploymentPostprocessing = 0;
		};
/* End PBXFrameworksBuildPhase section */

/* Begin PBXGroup section */
		2427F57127D3DE2F00E38935 = {
			isa = PBXGroup;
			children = (
				2427F5A027D4BA4600E38935 /* PokedexHeroes--iOS--Info.plist */,
				2427F57627D3DE2F00E38935 /* Shared */,
				2427F58527D3DE3000E38935 /* macOS */,
				2427F57F27D3DE3000E38935 /* Products */,
			);
			sourceTree = "<group>";
		};
		2427F57627D3DE2F00E38935 /* Shared */ = {
			isa = PBXGroup;
			children = (
				2427F57727D3DE2F00E38935 /* PokedexHeroesApp.swift */,
				2427F59927D3E01200E38935 /* Views */,
				2427F59827D3DED700E38935 /* ViewModels */,
				2427F59727D3DEC700E38935 /* Tools */,
				2427F59627D3DE8D00E38935 /* Services */,
				2427F59527D3DE8000E38935 /* Models */,
				2427F57927D3DE3000E38935 /* Assets.xcassets */,
			);
			path = Shared;
			sourceTree = "<group>";
		};
		2427F57F27D3DE3000E38935 /* Products */ = {
			isa = PBXGroup;
			children = (
				2427F57E27D3DE3000E38935 /* PokedexHeroes.app */,
				2427F58427D3DE3000E38935 /* PokedexHeroes.app */,
			);
			name = Products;
			sourceTree = "<group>";
		};
		2427F58527D3DE3000E38935 /* macOS */ = {
			isa = PBXGroup;
			children = (
				2427F58627D3DE3000E38935 /* macOS.entitlements */,
			);
			path = macOS;
			sourceTree = "<group>";
		};
		2427F59527D3DE8000E38935 /* Models */ = {
			isa = PBXGroup;
			children = (
				2427F59D27D4B71B00E38935 /* StatusModel.swift */,
				2461D00127DE5BE80037C8AB /* HeroModel.swift */,
			);
			path = Models;
			sourceTree = "<group>";
		};
		2427F59627D3DE8D00E38935 /* Services */ = {
			isa = PBXGroup;
			children = (
				245018B127DA88F2002AAD5D /* BaseNetwork.swift */,
			);
			path = Services;
			sourceTree = "<group>";
		};
		2427F59727D3DEC700E38935 /* Tools */ = {
			isa = PBXGroup;
			children = (
			);
			path = Tools;
			sourceTree = "<group>";
		};
		2427F59827D3DED700E38935 /* ViewModels */ = {
			isa = PBXGroup;
			children = (
				2461D00427DE6B260037C8AB /* HerosViewModel.swift */,
				2457122E27E614B8000DEA23 /* PhotoViewModel.swift */,
			);
			path = ViewModels;
			sourceTree = "<group>";
		};
		2427F59927D3E01200E38935 /* Views */ = {
			isa = PBXGroup;
			children = (
				2468EDD527EB9E6F0005E192 /* Detalle */,
				2461D00027DD50080037C8AB /* Heroes */,
				2427F57827D3DE2F00E38935 /* ContentView.swift */,
			);
			path = Views;
			sourceTree = "<group>";
		};
		2461D00027DD50080037C8AB /* Heroes */ = {
			isa = PBXGroup;
			children = (
				2457122827DFC2F1000DEA23 /* HeroesView.swift */,
				2457122A27DFC322000DEA23 /* HeroesRowView.swift */,
			);
			path = Heroes;
			sourceTree = "<group>";
		};
		2468EDD527EB9E6F0005E192 /* Detalle */ = {
			isa = PBXGroup;
			children = (
				2457122C27DFE2D7000DEA23 /* HeroesDetailView.swift */,
				24B9E4AA282D88AB00E26B05 /* HeroesDetailRowView.swift */,
			);
			path = Detalle;
			sourceTree = "<group>";
		};
/* End PBXGroup section */

/* Begin PBXNativeTarget section */
		2427F57D27D3DE3000E38935 /* PokedexHeroes (iOS) */ = {
			isa = PBXNativeTarget;
			buildConfigurationList = 2427F58F27D3DE3000E38935 /* Build configuration list for PBXNativeTarget "PokedexHeroes (iOS)" */;
			buildPhases = (
				2427F57A27D3DE3000E38935 /* Sources */,
				2427F57B27D3DE3000E38935 /* Frameworks */,
				2427F57C27D3DE3000E38935 /* Resources */,
			);
			buildRules = (
			);
			dependencies = (
			);
			name = "PokedexHeroes (iOS)";
			productName = "PokedexHeroes (iOS)";
			productReference = 2427F57E27D3DE3000E38935 /* PokedexHeroes.app */;
			productType = "com.apple.product-type.application";
		};
		2427F58327D3DE3000E38935 /* PokedexHeroes (macOS) */ = {
			isa = PBXNativeTarget;
			buildConfigurationList = 2427F59227D3DE3000E38935 /* Build configuration list for PBXNativeTarget "PokedexHeroes (macOS)" */;
			buildPhases = (
				2427F58027D3DE3000E38935 /* Sources */,
				2427F58127D3DE3000E38935 /* Frameworks */,
				2427F58227D3DE3000E38935 /* Resources */,
			);
			buildRules = (
			);
			dependencies = (
			);
			name = "PokedexHeroes (macOS)";
			productName = "PokedexHeroes (macOS)";
			productReference = 2427F58427D3DE3000E38935 /* PokedexHeroes.app */;
			productType = "com.apple.product-type.application";
		};
/* End PBXNativeTarget section */

/* Begin PBXProject section */
		2427F57227D3DE2F00E38935 /* Project object */ = {
			isa = PBXProject;
			attributes = {
				BuildIndependentTargetsInParallel = 1;
				LastSwiftUpdateCheck = 1320;
				LastUpgradeCheck = 1320;
				TargetAttributes = {
					2427F57D27D3DE3000E38935 = {
						CreatedOnToolsVersion = 13.2.1;
					};
					2427F58327D3DE3000E38935 = {
						CreatedOnToolsVersion = 13.2.1;
					};
				};
			};
			buildConfigurationList = 2427F57527D3DE2F00E38935 /* Build configuration list for PBXProject "PokedexHeroes" */;
			compatibilityVersion = "Xcode 13.0";
			developmentRegion = en;
			hasScannedForEncodings = 0;
			knownRegions = (
				en,
				Base,
			);
			mainGroup = 2427F57127D3DE2F00E38935;
			packageReferences = (
			);
			productRefGroup = 2427F57F27D3DE3000E38935 /* Products */;
			projectDirPath = "";
			projectRoot = "";
			targets = (
				2427F57D27D3DE3000E38935 /* PokedexHeroes (iOS) */,
				2427F58327D3DE3000E38935 /* PokedexHeroes (macOS) */,
			);
		};
/* End PBXProject section */

/* Begin PBXResourcesBuildPhase section */
		2427F57C27D3DE3000E38935 /* Resources */ = {
			isa = PBXResourcesBuildPhase;
			buildActionMask = 2147483647;
			files = (
				2427F58B27D3DE3000E38935 /* Assets.xcassets in Resources */,
			);
			runOnlyForDeploymentPostprocessing = 0;
		};
		2427F58227D3DE3000E38935 /* Resources */ = {
			isa = PBXResourcesBuildPhase;
			buildActionMask = 2147483647;
			files = (
				2427F58C27D3DE3000E38935 /* Assets.xcassets in Resources */,
			);
			runOnlyForDeploymentPostprocessing = 0;
		};
/* End PBXResourcesBuildPhase section */

/* Begin PBXSourcesBuildPhase section */
		2427F57A27D3DE3000E38935 /* Sources */ = {
			isa = PBXSourcesBuildPhase;
			buildActionMask = 2147483647;
			files = (
				2427F58927D3DE3000E38935 /* ContentView.swift in Sources */,
				245018B227DA88F2002AAD5D /* BaseNetwork.swift in Sources */,
				2457122927DFC2F1000DEA23 /* HeroesView.swift in Sources */,
				2427F59E27D4B71B00E38935 /* StatusModel.swift in Sources */,
				2427F58727D3DE3000E38935 /* PokedexHeroesApp.swift in Sources */,
				2461D00527DE6B260037C8AB /* HerosViewModel.swift in Sources */,
				2461D00227DE5BE80037C8AB /* HeroModel.swift in Sources */,
				2457122D27DFE2D7000DEA23 /* HeroesDetailView.swift in Sources */,
				24B9E4AB282D88AB00E26B05 /* HeroesDetailRowView.swift in Sources */,
				2457122B27DFC322000DEA23 /* HeroesRowView.swift in Sources */,
				2457122F27E614B8000DEA23 /* PhotoViewModel.swift in Sources */,
			);
			runOnlyForDeploymentPostprocessing = 0;
		};
		2427F58027D3DE3000E38935 /* Sources */ = {
			isa = PBXSourcesBuildPhase;
			buildActionMask = 2147483647;
			files = (
				2461D00627DE6B260037C8AB /* HerosViewModel.swift in Sources */,
				2457123027E614B8000DEA23 /* PhotoViewModel.swift in Sources */,
				2427F58A27D3DE3000E38935 /* ContentView.swift in Sources */,
				2461D00327DE5BE80037C8AB /* HeroModel.swift in Sources */,
				2427F59F27D4B71B00E38935 /* StatusModel.swift in Sources */,
				2427F58827D3DE3000E38935 /* PokedexHeroesApp.swift in Sources */,
			);
			runOnlyForDeploymentPostprocessing = 0;
		};
/* End PBXSourcesBuildPhase section */

/* Begin XCBuildConfiguration section */
		2427F58D27D3DE3000E38935 /* Debug */ = {
			isa = XCBuildConfiguration;
			buildSettings = {
				ALWAYS_SEARCH_USER_PATHS = NO;
				CLANG_ANALYZER_NONNULL = YES;
				CLANG_ANALYZER_NUMBER_OBJECT_CONVERSION = YES_AGGRESSIVE;
				CLANG_CXX_LANGUAGE_STANDARD = "gnu++17";
				CLANG_CXX_LIBRARY = "libc++";
				CLANG_ENABLE_MODULES = YES;
				CLANG_ENABLE_OBJC_ARC = YES;
				CLANG_ENABLE_OBJC_WEAK = YES;
				CLANG_WARN_BLOCK_CAPTURE_AUTORELEASING = YES;
				CLANG_WARN_BOOL_CONVERSION = YES;
				CLANG_WARN_COMMA = YES;
				CLANG_WARN_CONSTANT_CONVERSION = YES;
				CLANG_WARN_DEPRECATED_OBJC_IMPLEMENTATIONS = YES;
				CLANG_WARN_DIRECT_OBJC_ISA_USAGE = YES_ERROR;
				CLANG_WARN_DOCUMENTATION_COMMENTS = YES;
				CLANG_WARN_EMPTY_BODY = YES;
				CLANG_WARN_ENUM_CONVERSION = YES;
				CLANG_WARN_INFINITE_RECURSION = YES;
				CLANG_WARN_INT_CONVERSION = YES;
				CLANG_WARN_NON_LITERAL_NULL_CONVERSION = YES;
				CLANG_WARN_OBJC_IMPLICIT_RETAIN_SELF = YES;
				CLANG_WARN_OBJC_LITERAL_CONVERSION = YES;
				CLANG_WARN_OBJC_ROOT_CLASS = YES_ERROR;
				CLANG_WARN_QUOTED_INCLUDE_IN_FRAMEWORK_HEADER = YES;
				CLANG_WARN_RANGE_LOOP_ANALYSIS = YES;
				CLANG_WARN_STRICT_PROTOTYPES = YES;
				CLANG_WARN_SUSPICIOUS_MOVE = YES;
				CLANG_WARN_UNGUARDED_AVAILABILITY = YES_AGGRESSIVE;
				CLANG_WARN_UNREACHABLE_CODE = YES;
				CLANG_WARN__DUPLICATE_METHOD_MATCH = YES;
				COPY_PHASE_STRIP = NO;
				DEBUG_INFORMATION_FORMAT = dwarf;
				ENABLE_STRICT_OBJC_MSGSEND = YES;
				ENABLE_TESTABILITY = YES;
				GCC_C_LANGUAGE_STANDARD = gnu11;
				GCC_DYNAMIC_NO_PIC = NO;
				GCC_NO_COMMON_BLOCKS = YES;
				GCC_OPTIMIZATION_LEVEL = 0;
				GCC_PREPROCESSOR_DEFINITIONS = (
					"DEBUG=1",
					"$(inherited)",
				);
				GCC_WARN_64_TO_32_BIT_CONVERSION = YES;
				GCC_WARN_ABOUT_RETURN_TYPE = YES_ERROR;
				GCC_WARN_UNDECLARED_SELECTOR = YES;
				GCC_WARN_UNINITIALIZED_AUTOS = YES_AGGRESSIVE;
				GCC_WARN_UNUSED_FUNCTION = YES;
				GCC_WARN_UNUSED_VARIABLE = YES;
				MTL_ENABLE_DEBUG_INFO = INCLUDE_SOURCE;
				MTL_FAST_MATH = YES;
				ONLY_ACTIVE_ARCH = YES;
				SWIFT_ACTIVE_COMPILATION_CONDITIONS = DEBUG;
				SWIFT_OPTIMIZATION_LEVEL = "-Onone";
			};
			name = Debug;
		};
		2427F58E27D3DE3000E38935 /* Release */ = {
			isa = XCBuildConfiguration;
			buildSettings = {
				ALWAYS_SEARCH_USER_PATHS = NO;
				CLANG_ANALYZER_NONNULL = YES;
				CLANG_ANALYZER_NUMBER_OBJECT_CONVERSION = YES_AGGRESSIVE;
				CLANG_CXX_LANGUAGE_STANDARD = "gnu++17";
				CLANG_CXX_LIBRARY = "libc++";
				CLANG_ENABLE_MODULES = YES;
				CLANG_ENABLE_OBJC_ARC = YES;
				CLANG_ENABLE_OBJC_WEAK = YES;
				CLANG_WARN_BLOCK_CAPTURE_AUTORELEASING = YES;
				CLANG_WARN_BOOL_CONVERSION = YES;
				CLANG_WARN_COMMA = YES;
				CLANG_WARN_CONSTANT_CONVERSION = YES;
				CLANG_WARN_DEPRECATED_OBJC_IMPLEMENTATIONS = YES;
				CLANG_WARN_DIRECT_OBJC_ISA_USAGE = YES_ERROR;
				CLANG_WARN_DOCUMENTATION_COMMENTS = YES;
				CLANG_WARN_EMPTY_BODY = YES;
				CLANG_WARN_ENUM_CONVERSION = YES;
				CLANG_WARN_INFINITE_RECURSION = YES;
				CLANG_WARN_INT_CONVERSION = YES;
				CLANG_WARN_NON_LITERAL_NULL_CONVERSION = YES;
				CLANG_WARN_OBJC_IMPLICIT_RETAIN_SELF = YES;
				CLANG_WARN_OBJC_LITERAL_CONVERSION = YES;
				CLANG_WARN_OBJC_ROOT_CLASS = YES_ERROR;
				CLANG_WARN_QUOTED_INCLUDE_IN_FRAMEWORK_HEADER = YES;
				CLANG_WARN_RANGE_LOOP_ANALYSIS = YES;
				CLANG_WARN_STRICT_PROTOTYPES = YES;
				CLANG_WARN_SUSPICIOUS_MOVE = YES;
				CLANG_WARN_UNGUARDED_AVAILABILITY = YES_AGGRESSIVE;
				CLANG_WARN_UNREACHABLE_CODE = YES;
				CLANG_WARN__DUPLICATE_METHOD_MATCH = YES;
				COPY_PHASE_STRIP = NO;
				DEBUG_INFORMATION_FORMAT = "dwarf-with-dsym";
				ENABLE_NS_ASSERTIONS = NO;
				ENABLE_STRICT_OBJC_MSGSEND = YES;
				GCC_C_LANGUAGE_STANDARD = gnu11;
				GCC_NO_COMMON_BLOCKS = YES;
				GCC_WARN_64_TO_32_BIT_CONVERSION = YES;
				GCC_WARN_ABOUT_RETURN_TYPE = YES_ERROR;
				GCC_WARN_UNDECLARED_SELECTOR = YES;
				GCC_WARN_UNINITIALIZED_AUTOS = YES_AGGRESSIVE;
				GCC_WARN_UNUSED_FUNCTION = YES;
				GCC_WARN_UNUSED_VARIABLE = YES;
				MTL_ENABLE_DEBUG_INFO = NO;
				MTL_FAST_MATH = YES;
				SWIFT_COMPILATION_MODE = wholemodule;
				SWIFT_OPTIMIZATION_LEVEL = "-O";
			};
			name = Release;
		};
		2427F59027D3DE3000E38935 /* Debug */ = {
			isa = XCBuildConfiguration;
			buildSettings = {
				ASSETCATALOG_COMPILER_APPICON_NAME = AppIcon;
				ASSETCATALOG_COMPILER_GLOBAL_ACCENT_COLOR_NAME = AccentColor;
				CODE_SIGN_STYLE = Automatic;
				CURRENT_PROJECT_VERSION = 1;
				DEVELOPMENT_TEAM = 37479BS767;
				ENABLE_PREVIEWS = YES;
				GENERATE_INFOPLIST_FILE = YES;
				INFOPLIST_FILE = "PokedexHeroes--iOS--Info.plist";
				INFOPLIST_KEY_LSApplicationCategoryType = "";
				INFOPLIST_KEY_UIApplicationSceneManifest_Generation = YES;
				INFOPLIST_KEY_UIApplicationSupportsIndirectInputEvents = YES;
				INFOPLIST_KEY_UILaunchScreen_Generation = YES;
				INFOPLIST_KEY_UISupportedInterfaceOrientations_iPad = "UIInterfaceOrientationPortrait UIInterfaceOrientationPortraitUpsideDown UIInterfaceOrientationLandscapeLeft UIInterfaceOrientationLandscapeRight";
				INFOPLIST_KEY_UISupportedInterfaceOrientations_iPhone = "UIInterfaceOrientationPortrait UIInterfaceOrientationLandscapeLeft UIInterfaceOrientationLandscapeRight";
				IPHONEOS_DEPLOYMENT_TARGET = 15.2;
				LD_RUNPATH_SEARCH_PATHS = (
					"$(inherited)",
					"@executable_path/Frameworks",
				);
				MARKETING_VERSION = 1.0;
				PRODUCT_BUNDLE_IDENTIFIER = io.keepcoding.PokedexHeroes.PokedexHeroes;
				PRODUCT_NAME = PokedexHeroes;
				SDKROOT = iphoneos;
				SWIFT_EMIT_LOC_STRINGS = YES;
				SWIFT_VERSION = 5.0;
				TARGETED_DEVICE_FAMILY = "1,2";
			};
			name = Debug;
		};
		2427F59127D3DE3000E38935 /* Release */ = {
			isa = XCBuildConfiguration;
			buildSettings = {
				ASSETCATALOG_COMPILER_APPICON_NAME = AppIcon;
				ASSETCATALOG_COMPILER_GLOBAL_ACCENT_COLOR_NAME = AccentColor;
				CODE_SIGN_STYLE = Automatic;
				CURRENT_PROJECT_VERSION = 1;
				DEVELOPMENT_TEAM = 37479BS767;
				ENABLE_PREVIEWS = YES;
				GENERATE_INFOPLIST_FILE = YES;
				INFOPLIST_FILE = "PokedexHeroes--iOS--Info.plist";
				INFOPLIST_KEY_LSApplicationCategoryType = "";
				INFOPLIST_KEY_UIApplicationSceneManifest_Generation = YES;
				INFOPLIST_KEY_UIApplicationSupportsIndirectInputEvents = YES;
				INFOPLIST_KEY_UILaunchScreen_Generation = YES;
				INFOPLIST_KEY_UISupportedInterfaceOrientations_iPad = "UIInterfaceOrientationPortrait UIInterfaceOrientationPortraitUpsideDown UIInterfaceOrientationLandscapeLeft UIInterfaceOrientationLandscapeRight";
				INFOPLIST_KEY_UISupportedInterfaceOrientations_iPhone = "UIInterfaceOrientationPortrait UIInterfaceOrientationLandscapeLeft UIInterfaceOrientationLandscapeRight";
				IPHONEOS_DEPLOYMENT_TARGET = 15.2;
				LD_RUNPATH_SEARCH_PATHS = (
					"$(inherited)",
					"@executable_path/Frameworks",
				);
				MARKETING_VERSION = 1.0;
				PRODUCT_BUNDLE_IDENTIFIER = io.keepcoding.PokedexHeroes.PokedexHeroes;
				PRODUCT_NAME = PokedexHeroes;
				SDKROOT = iphoneos;
				SWIFT_EMIT_LOC_STRINGS = YES;
				SWIFT_VERSION = 5.0;
				TARGETED_DEVICE_FAMILY = "1,2";
				VALIDATE_PRODUCT = YES;
			};
			name = Release;
		};
		2427F59327D3DE3000E38935 /* Debug */ = {
			isa = XCBuildConfiguration;
			buildSettings = {
				ASSETCATALOG_COMPILER_APPICON_NAME = AppIcon;
				ASSETCATALOG_COMPILER_GLOBAL_ACCENT_COLOR_NAME = AccentColor;
				CODE_SIGN_ENTITLEMENTS = macOS/macOS.entitlements;
				CODE_SIGN_STYLE = Automatic;
				COMBINE_HIDPI_IMAGES = YES;
				CURRENT_PROJECT_VERSION = 1;
				ENABLE_PREVIEWS = YES;
				GENERATE_INFOPLIST_FILE = YES;
				INFOPLIST_KEY_NSHumanReadableCopyright = "";
				LD_RUNPATH_SEARCH_PATHS = (
					"$(inherited)",
					"@executable_path/../Frameworks",
				);
				MACOSX_DEPLOYMENT_TARGET = 12.1;
				MARKETING_VERSION = 1.0;
				PRODUCT_BUNDLE_IDENTIFIER = io.keepcoding.PokedexHeroes.PokedexHeroes;
				PRODUCT_NAME = PokedexHeroes;
				SDKROOT = macosx;
				SWIFT_EMIT_LOC_STRINGS = YES;
				SWIFT_VERSION = 5.0;
			};
			name = Debug;
		};
		2427F59427D3DE3000E38935 /* Release */ = {
			isa = XCBuildConfiguration;
			buildSettings = {
				ASSETCATALOG_COMPILER_APPICON_NAME = AppIcon;
				ASSETCATALOG_COMPILER_GLOBAL_ACCENT_COLOR_NAME = AccentColor;
				CODE_SIGN_ENTITLEMENTS = macOS/macOS.entitlements;
				CODE_SIGN_STYLE = Automatic;
				COMBINE_HIDPI_IMAGES = YES;
				CURRENT_PROJECT_VERSION = 1;
				ENABLE_PREVIEWS = YES;
				GENERATE_INFOPLIST_FILE = YES;
				INFOPLIST_KEY_NSHumanReadableCopyright = "";
				LD_RUNPATH_SEARCH_PATHS = (
					"$(inherited)",
					"@executable_path/../Frameworks",
				);
				MACOSX_DEPLOYMENT_TARGET = 12.1;
				MARKETING_VERSION = 1.0;
				PRODUCT_BUNDLE_IDENTIFIER = io.keepcoding.PokedexHeroes.PokedexHeroes;
				PRODUCT_NAME = PokedexHeroes;
				SDKROOT = macosx;
				SWIFT_EMIT_LOC_STRINGS = YES;
				SWIFT_VERSION = 5.0;
			};
			name = Release;
		};
/* End XCBuildConfiguration section */

/* Begin XCConfigurationList section */
		2427F57527D3DE2F00E38935 /* Build configuration list for PBXProject "PokedexHeroes" */ = {
			isa = XCConfigurationList;
			buildConfigurations = (
				2427F58D27D3DE3000E38935 /* Debug */,
				2427F58E27D3DE3000E38935 /* Release */,
			);
			defaultConfigurationIsVisible = 0;
			defaultConfigurationName = Release;
		};
		2427F58F27D3DE3000E38935 /* Build configuration list for PBXNativeTarget "PokedexHeroes (iOS)" */ = {
			isa = XCConfigurationList;
			buildConfigurations = (
				2427F59027D3DE3000E38935 /* Debug */,
				2427F59127D3DE3000E38935 /* Release */,
			);
			defaultConfigurationIsVisible = 0;
			defaultConfigurationName = Release;
		};
		2427F59227D3DE3000E38935 /* Build configuration list for PBXNativeTarget "PokedexHeroes (macOS)" */ = {
			isa = XCConfigurationList;
			buildConfigurations = (
				2427F59327D3DE3000E38935 /* Debug */,
				2427F59427D3DE3000E38935 /* Release */,
			);
			defaultConfigurationIsVisible = 0;
			defaultConfigurationName = Release;
		};
/* End XCConfigurationList section */
	};
	rootObject = 2427F57227D3DE2F00E38935 /* Project object */;
}
